
Microsoft Visual Studio Solution File, Format Version 12.00
# Visual Studio Version 17
VisualStudioVersion = 17.12.35527.113
MinimumVisualStudioVersion = 10.0.40219.1
Project("{9A19103F-16F7-4668-BE54-9A1E7A4F7556}") = "ECUSim", "ECUSim\ECUSim.csproj", "{BA8AA9C0-2A0C-403B-BC29-3274F4A24C04}"
EndProject
Project("{9A19103F-16F7-4668-BE54-9A1E7A4F7556}") = "CommonHwLib", "CommonHwLib\CommonHwLib.csproj", "{41556826-EA16-4AA7-939D-77BCDBC5DF02}"
EndProject
Project("{FAE04EC0-301F-11D3-BF4B-00C04F79EFBC}") = "VectorXLWrapper", "VectorXLWrapper\VectorXLWrapper.csproj", "{787964D4-9482-4B4F-AF28-E81FAD7EBBD0}"
EndProject
Project("{FAE04EC0-301F-11D3-BF4B-00C04F79EFBC}") = "UtilityLib", "UtilityLib\UtilityLib.csproj", "{B726500F-B5B7-46C0-8878-94DE80E7B33B}"
EndProject
Project("{FAE04EC0-301F-11D3-BF4B-00C04F79EFBC}") = "MessageDesignerLib", "MessageDesignerLib\MessageDesignerLib.csproj", "{B0C8E3D9-3707-45D8-848B-17113BB7BC41}"
EndProject
Project("{FAE04EC0-301F-11D3-BF4B-00C04F79EFBC}") = "HwWrapperFactory", "HwWrapperFactory\HwWrapperFactory.csproj", "{EC4D8144-5B7F-44A0-B45C-C0D0B2BDBC34}"
EndProject
Project("{FAE04EC0-301F-11D3-BF4B-00C04F79EFBC}") = "HwWrapperInterface", "HwWrapperInterface\HwWrapperInterface.csproj", "{4245D910-EFF7-0105-6F1D-03F54E48EA04}"
EndProject
Project("{FAE04EC0-301F-11D3-BF4B-00C04F79EFBC}") = "HwSettingsLib", "HwSettingsLib\HwSettingsLib.csproj", "{8AD9A2D5-84F4-41DD-A561-165870B21ED2}"
EndProject
Project("{FAE04EC0-301F-11D3-BF4B-00C04F79EFBC}") = "WPFLibBase", "WPFLibBase\WPFLibBase.csproj", "{8D703223-80EF-4E72-AD08-61C6B977F2DD}"
EndProject
Project("{FAE04EC0-301F-11D3-BF4B-00C04F79EFBC}") = "WPFHostLib", "WPFHostLib\WPFHostLib.csproj", "{533AE394-4F13-4F5D-9B9F-58B6158FB628}"
EndProject
Project("{FAE04EC0-301F-11D3-BF4B-00C04F79EFBC}") = "WPFTraceViewLib", "WPFTraceViewLib\WPFTraceViewLib.csproj", "{E609166B-01DE-8F39-C4B1-8D625963B372}"
EndProject
Project("{FAE04EC0-301F-11D3-BF4B-00C04F79EFBC}") = "WPFComSettingsViewLib", "WPFComSettingsViewLib\WPFComSettingsViewLib.csproj", "{C778EA97-9A2B-4CAF-C9FD-5686932F4CC9}"
EndProject
Project("{FAE04EC0-301F-11D3-BF4B-00C04F79EFBC}") = "MessageProcessorLib", "MessageProcessorLib\MessageProcessorLib.csproj", "{59322186-CD64-49CA-AB5E-DD730A7676E0}"
EndProject
Global
	GlobalSection(SolutionConfigurationPlatforms) = preSolution
		Debug|Any CPU = Debug|Any CPU
		Release|Any CPU = Release|Any CPU
	EndGlobalSection
	GlobalSection(ProjectConfigurationPlatforms) = postSolution
		{BA8AA9C0-2A0C-403B-BC29-3274F4A24C04}.Debug|Any CPU.ActiveCfg = Debug|Any CPU
		{BA8AA9C0-2A0C-403B-BC29-3274F4A24C04}.Debug|Any CPU.Build.0 = Debug|Any CPU
		{BA8AA9C0-2A0C-403B-BC29-3274F4A24C04}.Release|Any CPU.ActiveCfg = Release|Any CPU
		{BA8AA9C0-2A0C-403B-BC29-3274F4A24C04}.Release|Any CPU.Build.0 = Release|Any CPU
		{41556826-EA16-4AA7-939D-77BCDBC5DF02}.Debug|Any CPU.ActiveCfg = Debug|Any CPU
		{41556826-EA16-4AA7-939D-77BCDBC5DF02}.Debug|Any CPU.Build.0 = Debug|Any CPU
		{41556826-EA16-4AA7-939D-77BCDBC5DF02}.Release|Any CPU.ActiveCfg = Release|Any CPU
		{41556826-EA16-4AA7-939D-77BCDBC5DF02}.Release|Any CPU.Build.0 = Release|Any CPU
		{787964D4-9482-4B4F-AF28-E81FAD7EBBD0}.Debug|Any CPU.ActiveCfg = Debug|Any CPU
		{787964D4-9482-4B4F-AF28-E81FAD7EBBD0}.Debug|Any CPU.Build.0 = Debug|Any CPU
		{787964D4-9482-4B4F-AF28-E81FAD7EBBD0}.Release|Any CPU.ActiveCfg = Release|Any CPU
		{787964D4-9482-4B4F-AF28-E81FAD7EBBD0}.Release|Any CPU.Build.0 = Release|Any CPU
		{B726500F-B5B7-46C0-8878-94DE80E7B33B}.Debug|Any CPU.ActiveCfg = Debug|Any CPU
		{B726500F-B5B7-46C0-8878-94DE80E7B33B}.Debug|Any CPU.Build.0 = Debug|Any CPU
		{B726500F-B5B7-46C0-8878-94DE80E7B33B}.Release|Any CPU.ActiveCfg = Release|Any CPU
		{B726500F-B5B7-46C0-8878-94DE80E7B33B}.Release|Any CPU.Build.0 = Release|Any CPU
		{B0C8E3D9-3707-45D8-848B-17113BB7BC41}.Debug|Any CPU.ActiveCfg = Debug|Any CPU
		{B0C8E3D9-3707-45D8-848B-17113BB7BC41}.Debug|Any CPU.Build.0 = Debug|Any CPU
		{B0C8E3D9-3707-45D8-848B-17113BB7BC41}.Release|Any CPU.ActiveCfg = Release|Any CPU
		{B0C8E3D9-3707-45D8-848B-17113BB7BC41}.Release|Any CPU.Build.0 = Release|Any CPU
		{EC4D8144-5B7F-44A0-B45C-C0D0B2BDBC34}.Debug|Any CPU.ActiveCfg = Debug|Any CPU
		{EC4D8144-5B7F-44A0-B45C-C0D0B2BDBC34}.Debug|Any CPU.Build.0 = Debug|Any CPU
		{EC4D8144-5B7F-44A0-B45C-C0D0B2BDBC34}.Release|Any CPU.ActiveCfg = Release|Any CPU
		{EC4D8144-5B7F-44A0-B45C-C0D0B2BDBC34}.Release|Any CPU.Build.0 = Release|Any CPU
		{4245D910-EFF7-0105-6F1D-03F54E48EA04}.Debug|Any CPU.ActiveCfg = Debug|Any CPU
		{4245D910-EFF7-0105-6F1D-03F54E48EA04}.Debug|Any CPU.Build.0 = Debug|Any CPU
		{4245D910-EFF7-0105-6F1D-03F54E48EA04}.Release|Any CPU.ActiveCfg = Release|Any CPU
		{4245D910-EFF7-0105-6F1D-03F54E48EA04}.Release|Any CPU.Build.0 = Release|Any CPU
		{8AD9A2D5-84F4-41DD-A561-165870B21ED2}.Debug|Any CPU.ActiveCfg = Debug|Any CPU
		{8AD9A2D5-84F4-41DD-A561-165870B21ED2}.Debug|Any CPU.Build.0 = Debug|Any CPU
		{8AD9A2D5-84F4-41DD-A561-165870B21ED2}.Release|Any CPU.ActiveCfg = Release|Any CPU
		{8AD9A2D5-84F4-41DD-A561-165870B21ED2}.Release|Any CPU.Build.0 = Release|Any CPU
		{8D703223-80EF-4E72-AD08-61C6B977F2DD}.Debug|Any CPU.ActiveCfg = Debug|Any CPU
		{8D703223-80EF-4E72-AD08-61C6B977F2DD}.Debug|Any CPU.Build.0 = Debug|Any CPU
		{8D703223-80EF-4E72-AD08-61C6B977F2DD}.Release|Any CPU.ActiveCfg = Release|Any CPU
		{8D703223-80EF-4E72-AD08-61C6B977F2DD}.Release|Any CPU.Build.0 = Release|Any CPU
		{533AE394-4F13-4F5D-9B9F-58B6158FB628}.Debug|Any CPU.ActiveCfg = Debug|Any CPU
		{533AE394-4F13-4F5D-9B9F-58B6158FB628}.Debug|Any CPU.Build.0 = Debug|Any CPU
		{533AE394-4F13-4F5D-9B9F-58B6158FB628}.Release|Any CPU.ActiveCfg = Release|Any CPU
		{533AE394-4F13-4F5D-9B9F-58B6158FB628}.Release|Any CPU.Build.0 = Release|Any CPU
		{E609166B-01DE-8F39-C4B1-8D625963B372}.Debug|Any CPU.ActiveCfg = Debug|Any CPU
		{E609166B-01DE-8F39-C4B1-8D625963B372}.Debug|Any CPU.Build.0 = Debug|Any CPU
		{E609166B-01DE-8F39-C4B1-8D625963B372}.Release|Any CPU.ActiveCfg = Release|Any CPU
		{E609166B-01DE-8F39-C4B1-8D625963B372}.Release|Any CPU.Build.0 = Release|Any CPU
		{C778EA97-9A2B-4CAF-C9FD-5686932F4CC9}.Debug|Any CPU.ActiveCfg = Debug|Any CPU
		{C778EA97-9A2B-4CAF-C9FD-5686932F4CC9}.Debug|Any CPU.Build.0 = Debug|Any CPU
		{C778EA97-9A2B-4CAF-C9FD-5686932F4CC9}.Release|Any CPU.ActiveCfg = Release|Any CPU
		{C778EA97-9A2B-4CAF-C9FD-5686932F4CC9}.Release|Any CPU.Build.0 = Release|Any CPU
		{59322186-CD64-49CA-AB5E-DD730A7676E0}.Debug|Any CPU.ActiveCfg = Debug|Any CPU
		{59322186-CD64-49CA-AB5E-DD730A7676E0}.Debug|Any CPU.Build.0 = Debug|Any CPU
		{59322186-CD64-49CA-AB5E-DD730A7676E0}.Release|Any CPU.ActiveCfg = Release|Any CPU
		{59322186-CD64-49CA-AB5E-DD730A7676E0}.Release|Any CPU.Build.0 = Release|Any CPU
	EndGlobalSection
	GlobalSection(SolutionProperties) = preSolution
		HideSolutionNode = FALSE
	EndGlobalSection
	GlobalSection(ExtensibilityGlobals) = postSolution
		SolutionGuid = {72685C9D-BD9C-4455-92D6-32F4987BA80E}
	EndGlobalSection
EndGlobal
